// !$*UTF8*$!
{
	archiveVersion = 1;
	classes = {
	};
	objectVersion = 46;
	objects = {

/* Begin PBXBuildFile section */
		BA85903E1BBE0CD100F131B8 /* AppDelegate.swift in Sources */ = {isa = PBXBuildFile; fileRef = BA85903D1BBE0CD100F131B8 /* AppDelegate.swift */; };
		BA8590401BBE0CD100F131B8 /* ViewController.swift in Sources */ = {isa = PBXBuildFile; fileRef = BA85903F1BBE0CD100F131B8 /* ViewController.swift */; };
		BA8590431BBE0CD100F131B8 /* Main.storyboard in Resources */ = {isa = PBXBuildFile; fileRef = BA8590411BBE0CD100F131B8 /* Main.storyboard */; };
		BA8590451BBE0CD100F131B8 /* Assets.xcassets in Resources */ = {isa = PBXBuildFile; fileRef = BA8590441BBE0CD100F131B8 /* Assets.xcassets */; };
		BA8590481BBE0CD100F131B8 /* LaunchScreen.storyboard in Resources */ = {isa = PBXBuildFile; fileRef = BA8590461BBE0CD100F131B8 /* LaunchScreen.storyboard */; };
		BA8590531BBE0CD100F131B8 /* bitfountainTests.swift in Sources */ = {isa = PBXBuildFile; fileRef = BA8590521BBE0CD100F131B8 /* bitfountainTests.swift */; };
		BA85905E1BBE0CD100F131B8 /* bitfountainUITests.swift in Sources */ = {isa = PBXBuildFile; fileRef = BA85905D1BBE0CD100F131B8 /* bitfountainUITests.swift */; };
/* End PBXBuildFile section */

/* Begin PBXContainerItemProxy section */
		BA85904F1BBE0CD100F131B8 /* PBXContainerItemProxy */ = {
			isa = PBXContainerItemProxy;
			containerPortal = BA8590321BBE0CD100F131B8 /* Project object */;
			proxyType = 1;
			remoteGlobalIDString = BA8590391BBE0CD100F131B8;
			remoteInfo = bitfountain;
		};
		BA85905A1BBE0CD100F131B8 /* PBXContainerItemProxy */ = {
			isa = PBXContainerItemProxy;
			containerPortal = BA8590321BBE0CD100F131B8 /* Project object */;
			proxyType = 1;
			remoteGlobalIDString = BA8590391BBE0CD100F131B8;
			remoteInfo = bitfountain;
		};
/* End PBXContainerItemProxy section */

/* Begin PBXFileReference section */
		BA85903A1BBE0CD100F131B8 /* bitfountain.app */ = {isa = PBXFileReference; explicitFileType = wrapper.application; includeInIndex = 0; path = bitfountain.app; sourceTree = BUILT_PRODUCTS_DIR; };
		BA85903D1BBE0CD100F131B8 /* AppDelegate.swift */ = {isa = PBXFileReference; lastKnownFileType = sourcecode.swift; path = AppDelegate.swift; sourceTree = "<group>"; };
		BA85903F1BBE0CD100F131B8 /* ViewController.swift */ = {isa = PBXFileReference; lastKnownFileType = sourcecode.swift; path = ViewController.swift; sourceTree = "<group>"; };
		BA8590421BBE0CD100F131B8 /* Base */ = {isa = PBXFileReference; lastKnownFileType = file.storyboard; name = Base; path = Base.lproj/Main.storyboard; sourceTree = "<group>"; };
		BA8590441BBE0CD100F131B8 /* Assets.xcassets */ = {isa = PBXFileReference; lastKnownFileType = folder.assetcatalog; path = Assets.xcassets; sourceTree = "<group>"; };
		BA8590471BBE0CD100F131B8 /* Base */ = {isa = PBXFileReference; lastKnownFileType = file.storyboard; name = Base; path = Base.lproj/LaunchScreen.storyboard; sourceTree = "<group>"; };
		BA8590491BBE0CD100F131B8 /* Info.plist */ = {isa = PBXFileReference; lastKnownFileType = text.plist.xml; path = Info.plist; sourceTree = "<group>"; };
		BA85904E1BBE0CD100F131B8 /* bitfountainTests.xctest */ = {isa = PBXFileReference; explicitFileType = wrapper.cfbundle; includeInIndex = 0; path = bitfountainTests.xctest; sourceTree = BUILT_PRODUCTS_DIR; };
		BA8590521BBE0CD100F131B8 /* bitfountainTests.swift */ = {isa = PBXFileReference; lastKnownFileType = sourcecode.swift; path = bitfountainTests.swift; sourceTree = "<group>"; };
		BA8590541BBE0CD100F131B8 /* Info.plist */ = {isa = PBXFileReference; lastKnownFileType = text.plist.xml; path = Info.plist; sourceTree = "<group>"; };
		BA8590591BBE0CD100F131B8 /* bitfountainUITests.xctest */ = {isa = PBXFileReference; explicitFileType = wrapper.cfbundle; includeInIndex = 0; path = bitfountainUITests.xctest; sourceTree = BUILT_PRODUCTS_DIR; };
		BA85905D1BBE0CD100F131B8 /* bitfountainUITests.swift */ = {isa = PBXFileReference; lastKnownFileType = sourcecode.swift; path = bitfountainUITests.swift; sourceTree = "<group>"; };
		BA85905F1BBE0CD100F131B8 /* Info.plist */ = {isa = PBXFileReference; lastKnownFileType = text.plist.xml; path = Info.plist; sourceTree = "<group>"; };
/* End PBXFileReference section */

/* Begin PBXFrameworksBuildPhase section */
		BA8590371BBE0CD100F131B8 /* Frameworks */ = {
			isa = PBXFrameworksBuildPhase;
			buildActionMask = 2147483647;
			files = (
			);
			runOnlyForDeploymentPostprocessing = 0;
		};
		BA85904B1BBE0CD100F131B8 /* Frameworks */ = {
			isa = PBXFrameworksBuildPhase;
			buildActionMask = 2147483647;
			files = (
			);
			runOnlyForDeploymentPostprocessing = 0;
		};
		BA8590561BBE0CD100F131B8 /* Frameworks */ = {
			isa = PBXFrameworksBuildPhase;
			buildActionMask = 2147483647;
			files = (
			);
			runOnlyForDeploymentPostprocessing = 0;
		};
/* End PBXFrameworksBuildPhase section */

/* Begin PBXGroup section */
		BA8590311BBE0CD100F131B8 = {
			isa = PBXGroup;
			children = (
				BA85903C1BBE0CD100F131B8 /* bitfountain */,
				BA8590511BBE0CD100F131B8 /* bitfountainTests */,
				BA85905C1BBE0CD100F131B8 /* bitfountainUITests */,
				BA85903B1BBE0CD100F131B8 /* Products */,
			);
			sourceTree = "<group>";
		};
		BA85903B1BBE0CD100F131B8 /* Products */ = {
			isa = PBXGroup;
			children = (
				BA85903A1BBE0CD100F131B8 /* bitfountain.app */,
				BA85904E1BBE0CD100F131B8 /* bitfountainTests.xctest */,
				BA8590591BBE0CD100F131B8 /* bitfountainUITests.xctest */,
			);
			name = Products;
			sourceTree = "<group>";
		};
		BA85903C1BBE0CD100F131B8 /* bitfountain */ = {
			isa = PBXGroup;
			children = (
				BA85903D1BBE0CD100F131B8 /* AppDelegate.swift */,
				BA85903F1BBE0CD100F131B8 /* ViewController.swift */,
				BA8590411BBE0CD100F131B8 /* Main.storyboard */,
				BA8590441BBE0CD100F131B8 /* Assets.xcassets */,
				BA8590461BBE0CD100F131B8 /* LaunchScreen.storyboard */,
				BA8590491BBE0CD100F131B8 /* Info.plist */,
			);
			path = bitfountain;
			sourceTree = "<group>";
		};
		BA8590511BBE0CD100F131B8 /* bitfountainTests */ = {
			isa = PBXGroup;
			children = (
				BA8590521BBE0CD100F131B8 /* bitfountainTests.swift */,
				BA8590541BBE0CD100F131B8 /* Info.plist */,
			);
			path = bitfountainTests;
			sourceTree = "<group>";
		};
		BA85905C1BBE0CD100F131B8 /* bitfountainUITests */ = {
			isa = PBXGroup;
			children = (
				BA85905D1BBE0CD100F131B8 /* bitfountainUITests.swift */,
				BA85905F1BBE0CD100F131B8 /* Info.plist */,
			);
			path = bitfountainUITests;
			sourceTree = "<group>";
		};
/* End PBXGroup section */

/* Begin PBXNativeTarget section */
		BA8590391BBE0CD100F131B8 /* bitfountain */ = {
			isa = PBXNativeTarget;
			buildConfigurationList = BA8590621BBE0CD100F131B8 /* Build configuration list for PBXNativeTarget "bitfountain" */;
			buildPhases = (
				BA8590361BBE0CD100F131B8 /* Sources */,
				BA8590371BBE0CD100F131B8 /* Frameworks */,
				BA8590381BBE0CD100F131B8 /* Resources */,
			);
			buildRules = (
			);
			dependencies = (
			);
			name = bitfountain;
			productName = bitfountain;
			productReference = BA85903A1BBE0CD100F131B8 /* bitfountain.app */;
			productType = "com.apple.product-type.application";
		};
		BA85904D1BBE0CD100F131B8 /* bitfountainTests */ = {
			isa = PBXNativeTarget;
			buildConfigurationList = BA8590651BBE0CD100F131B8 /* Build configuration list for PBXNativeTarget "bitfountainTests" */;
			buildPhases = (
				BA85904A1BBE0CD100F131B8 /* Sources */,
				BA85904B1BBE0CD100F131B8 /* Frameworks */,
				BA85904C1BBE0CD100F131B8 /* Resources */,
			);
			buildRules = (
			);
			dependencies = (
				BA8590501BBE0CD100F131B8 /* PBXTargetDependency */,
			);
			name = bitfountainTests;
			productName = bitfountainTests;
			productReference = BA85904E1BBE0CD100F131B8 /* bitfountainTests.xctest */;
			productType = "com.apple.product-type.bundle.unit-test";
		};
		BA8590581BBE0CD100F131B8 /* bitfountainUITests */ = {
			isa = PBXNativeTarget;
			buildConfigurationList = BA8590681BBE0CD100F131B8 /* Build configuration list for PBXNativeTarget "bitfountainUITests" */;
			buildPhases = (
				BA8590551BBE0CD100F131B8 /* Sources */,
				BA8590561BBE0CD100F131B8 /* Frameworks */,
				BA8590571BBE0CD100F131B8 /* Resources */,
			);
			buildRules = (
			);
			dependencies = (
				BA85905B1BBE0CD100F131B8 /* PBXTargetDependency */,
			);
			name = bitfountainUITests;
			productName = bitfountainUITests;
			productReference = BA8590591BBE0CD100F131B8 /* bitfountainUITests.xctest */;
			productType = "com.apple.product-type.bundle.ui-testing";
		};
/* End PBXNativeTarget section */

/* Begin PBXProject section */
		BA8590321BBE0CD100F131B8 /* Project object */ = {
			isa = PBXProject;
			attributes = {
				LastUpgradeCheck = 0700;
				ORGANIZATIONNAME = "theo incorporated";
				TargetAttributes = {
					BA8590391BBE0CD100F131B8 = {
						CreatedOnToolsVersion = 7.0;
					};
					BA85904D1BBE0CD100F131B8 = {
						CreatedOnToolsVersion = 7.0;
						TestTargetID = BA8590391BBE0CD100F131B8;
					};
					BA8590581BBE0CD100F131B8 = {
						CreatedOnToolsVersion = 7.0;
						TestTargetID = BA8590391BBE0CD100F131B8;
					};
				};
			};
			buildConfigurationList = BA8590351BBE0CD100F131B8 /* Build configuration list for PBXProject "bitfountain" */;
			compatibilityVersion = "Xcode 3.2";
			developmentRegion = English;
			hasScannedForEncodings = 0;
			knownRegions = (
				en,
				Base,
			);
			mainGroup = BA8590311BBE0CD100F131B8;
			productRefGroup = BA85903B1BBE0CD100F131B8 /* Products */;
			projectDirPath = "";
			projectRoot = "";
			targets = (
				BA8590391BBE0CD100F131B8 /* bitfountain */,
				BA85904D1BBE0CD100F131B8 /* bitfountainTests */,
				BA8590581BBE0CD100F131B8 /* bitfountainUITests */,
			);
		};
/* End PBXProject section */

/* Begin PBXResourcesBuildPhase section */
		BA8590381BBE0CD100F131B8 /* Resources */ = {
			isa = PBXResourcesBuildPhase;
			buildActionMask = 2147483647;
			files = (
				BA8590481BBE0CD100F131B8 /* LaunchScreen.storyboard in Resources */,
				BA8590451BBE0CD100F131B8 /* Assets.xcassets in Resources */,
				BA8590431BBE0CD100F131B8 /* Main.storyboard in Resources */,
			);
			runOnlyForDeploymentPostprocessing = 0;
		};
		BA85904C1BBE0CD100F131B8 /* Resources */ = {
			isa = PBXResourcesBuildPhase;
			buildActionMask = 2147483647;
			files = (
			);
			runOnlyForDeploymentPostprocessing = 0;
		};
		BA8590571BBE0CD100F131B8 /* Resources */ = {
			isa = PBXResourcesBuildPhase;
			buildActionMask = 2147483647;
			files = (
			);
			runOnlyForDeploymentPostprocessing = 0;
		};
/* End PBXResourcesBuildPhase section */

/* Begin PBXSourcesBuildPhase section */
		BA8590361BBE0CD100F131B8 /* Sources */ = {
			isa = PBXSourcesBuildPhase;
			buildActionMask = 2147483647;
			files = (
				BA8590401BBE0CD100F131B8 /* ViewController.swift in Sources */,
				BA85903E1BBE0CD100F131B8 /* AppDelegate.swift in Sources */,
			);
			runOnlyForDeploymentPostprocessing = 0;
		};
		BA85904A1BBE0CD100F131B8 /* Sources */ = {
			isa = PBXSourcesBuildPhase;
			buildActionMask = 2147483647;
			files = (
				BA8590531BBE0CD100F131B8 /* bitfountainTests.swift in Sources */,
			);
			runOnlyForDeploymentPostprocessing = 0;
		};
		BA8590551BBE0CD100F131B8 /* Sources */ = {
			isa = PBXSourcesBuildPhase;
			buildActionMask = 2147483647;
			files = (
				BA85905E1BBE0CD100F131B8 /* bitfountainUITests.swift in Sources */,
			);
			runOnlyForDeploymentPostprocessing = 0;
		};
/* End PBXSourcesBuildPhase section */

/* Begin PBXTargetDependency section */
		BA8590501BBE0CD100F131B8 /* PBXTargetDependency */ = {
			isa = PBXTargetDependency;
			target = BA8590391BBE0CD100F131B8 /* bitfountain */;
			targetProxy = BA85904F1BBE0CD100F131B8 /* PBXContainerItemProxy */;
		};
		BA85905B1BBE0CD100F131B8 /* PBXTargetDependency */ = {
			isa = PBXTargetDependency;
			target = BA8590391BBE0CD100F131B8 /* bitfountain */;
			targetProxy = BA85905A1BBE0CD100F131B8 /* PBXContainerItemProxy */;
		};
/* End PBXTargetDependency section */

/* Begin PBXVariantGroup section */
		BA8590411BBE0CD100F131B8 /* Main.storyboard */ = {
			isa = PBXVariantGroup;
			children = (
				BA8590421BBE0CD100F131B8 /* Base */,
			);
			name = Main.storyboard;
			sourceTree = "<group>";
		};
		BA8590461BBE0CD100F131B8 /* LaunchScreen.storyboard */ = {
			isa = PBXVariantGroup;
			children = (
				BA8590471BBE0CD100F131B8 /* Base */,
			);
			name = LaunchScreen.storyboard;
			sourceTree = "<group>";
		};
/* End PBXVariantGroup section */

/* Begin XCBuildConfiguration section */
		BA8590601BBE0CD100F131B8 /* Debug */ = {
			isa = XCBuildConfiguration;
			buildSettings = {
				ALWAYS_SEARCH_USER_PATHS = NO;
				CLANG_CXX_LANGUAGE_STANDARD = "gnu++0x";
				CLANG_CXX_LIBRARY = "libc++";
				CLANG_ENABLE_MODULES = YES;
				CLANG_ENABLE_OBJC_ARC = YES;
				CLANG_WARN_BOOL_CONVERSION = YES;
				CLANG_WARN_CONSTANT_CONVERSION = YES;
				CLANG_WARN_DIRECT_OBJC_ISA_USAGE = YES_ERROR;
				CLANG_WARN_EMPTY_BODY = YES;
				CLANG_WARN_ENUM_CONVERSION = YES;
				CLANG_WARN_INT_CONVERSION = YES;
				CLANG_WARN_OBJC_ROOT_CLASS = YES_ERROR;
				CLANG_WARN_UNREACHABLE_CODE = YES;
				CLANG_WARN__DUPLICATE_METHOD_MATCH = YES;
				"CODE_SIGN_IDENTITY[sdk=iphoneos*]" = "iPhone Developer";
				COPY_PHASE_STRIP = NO;
				DEBUG_INFORMATION_FORMAT = dwarf;
				ENABLE_STRICT_OBJC_MSGSEND = YES;
				ENABLE_TESTABILITY = YES;
				GCC_C_LANGUAGE_STANDARD = gnu99;
				GCC_DYNAMIC_NO_PIC = NO;
				GCC_NO_COMMON_BLOCKS = YES;
				GCC_OPTIMIZATION_LEVEL = 0;
				GCC_PREPROCESSOR_DEFINITIONS = (
					"DEBUG=1",
					"$(inherited)",
				);
				GCC_WARN_64_TO_32_BIT_CONVERSION = YES;
				GCC_WARN_ABOUT_RETURN_TYPE = YES_ERROR;
				GCC_WARN_UNDECLARED_SELECTOR = YES;
				GCC_WARN_UNINITIALIZED_AUTOS = YES_AGGRESSIVE;
				GCC_WARN_UNUSED_FUNCTION = YES;
				GCC_WARN_UNUSED_VARIABLE = YES;
				IPHONEOS_DEPLOYMENT_TARGET = 9.0;
				MTL_ENABLE_DEBUG_INFO = YES;
				ONLY_ACTIVE_ARCH = YES;
				SDKROOT = iphoneos;
				SWIFT_OPTIMIZATION_LEVEL = "-Onone";
				TARGETED_DEVICE_FAMILY = "1,2";
			};
			name = Debug;
		};
		BA8590611BBE0CD100F131B8 /* Release */ = {
			isa = XCBuildConfiguration;
			buildSettings = {
				ALWAYS_SEARCH_USER_PATHS = NO;
				CLANG_CXX_LANGUAGE_STANDARD = "gnu++0x";
				CLANG_CXX_LIBRARY = "libc++";
				CLANG_ENABLE_MODULES = YES;
				CLANG_ENABLE_OBJC_ARC = YES;
				CLANG_WARN_BOOL_CONVERSION = YES;
				CLANG_WARN_CONSTANT_CONVERSION = YES;
				CLANG_WARN_DIRECT_OBJC_ISA_USAGE = YES_ERROR;
				CLANG_WARN_EMPTY_BODY = YES;
				CLANG_WARN_ENUM_CONVERSION = YES;
				CLANG_WARN_INT_CONVERSION = YES;
				CLANG_WARN_OBJC_ROOT_CLASS = YES_ERROR;
				CLANG_WARN_UNREACHABLE_CODE = YES;
				CLANG_WARN__DUPLICATE_METHOD_MATCH = YES;
				"CODE_SIGN_IDENTITY[sdk=iphoneos*]" = "iPhone Developer";
				COPY_PHASE_STRIP = NO;
				DEBUG_INFORMATION_FORMAT = "dwarf-with-dsym";
				ENABLE_NS_ASSERTIONS = NO;
				ENABLE_STRICT_OBJC_MSGSEND = YES;
				GCC_C_LANGUAGE_STANDARD = gnu99;
				GCC_NO_COMMON_BLOCKS = YES;
				GCC_WARN_64_TO_32_BIT_CONVERSION = YES;
				GCC_WARN_ABOUT_RETURN_TYPE = YES_ERROR;
				GCC_WARN_UNDECLARED_SELECTOR = YES;
				GCC_WARN_UNINITIALIZED_AUTOS = YES_AGGRESSIVE;
				GCC_WARN_UNUSED_FUNCTION = YES;
				GCC_WARN_UNUSED_VARIABLE = YES;
				IPHONEOS_DEPLOYMENT_TARGET = 9.0;
				MTL_ENABLE_DEBUG_INFO = NO;
				SDKROOT = iphoneos;
				TARGETED_DEVICE_FAMILY = "1,2";
				VALIDATE_PRODUCT = YES;
			};
			name = Release;
		};
		BA8590631BBE0CD100F131B8 /* Debug */ = {
			isa = XCBuildConfiguration;
			buildSettings = {
				ASSETCATALOG_COMPILER_APPICON_NAME = AppIcon;
				INFOPLIST_FILE = bitfountain/Info.plist;
				LD_RUNPATH_SEARCH_PATHS = "$(inherited) @executable_path/Frameworks";
				PRODUCT_BUNDLE_IDENTIFIER = self.edu.bitfountain;
				PRODUCT_NAME = "$(TARGET_NAME)";
			};
			name = Debug;
		};
		BA8590641BBE0CD100F131B8 /* Release */ = {
			isa = XCBuildConfiguration;
			buildSettings = {
				ASSETCATALOG_COMPILER_APPICON_NAME = AppIcon;
				INFOPLIST_FILE = bitfountain/Info.plist;
				LD_RUNPATH_SEARCH_PATHS = "$(inherited) @executable_path/Frameworks";
				PRODUCT_BUNDLE_IDENTIFIER = self.edu.bitfountain;
				PRODUCT_NAME = "$(TARGET_NAME)";
			};
			name = Release;
		};
		BA8590661BBE0CD100F131B8 /* Debug */ = {
			isa = XCBuildConfiguration;
			buildSettings = {
				BUNDLE_LOADER = "$(TEST_HOST)";
				INFOPLIST_FILE = bitfountainTests/Info.plist;
				LD_RUNPATH_SEARCH_PATHS = "$(inherited) @executable_path/Frameworks @loader_path/Frameworks";
				PRODUCT_BUNDLE_IDENTIFIER = self.edu.bitfountainTests;
				PRODUCT_NAME = "$(TARGET_NAME)";
				TEST_HOST = "$(BUILT_PRODUCTS_DIR)/bitfountain.app/bitfountain";
			};
			name = Debug;
		};
		BA8590671BBE0CD100F131B8 /* Release */ = {
			isa = XCBuildConfiguration;
			buildSettings = {
				BUNDLE_LOADER = "$(TEST_HOST)";
				INFOPLIST_FILE = bitfountainTests/Info.plist;
				LD_RUNPATH_SEARCH_PATHS = "$(inherited) @executable_path/Frameworks @loader_path/Frameworks";
				PRODUCT_BUNDLE_IDENTIFIER = self.edu.bitfountainTests;
				PRODUCT_NAME = "$(TARGET_NAME)";
				TEST_HOST = "$(BUILT_PRODUCTS_DIR)/bitfountain.app/bitfountain";
			};
			name = Release;
		};
		BA8590691BBE0CD100F131B8 /* Debug */ = {
			isa = XCBuildConfiguration;
			buildSettings = {
				INFOPLIST_FILE = bitfountainUITests/Info.plist;
				LD_RUNPATH_SEARCH_PATHS = "$(inherited) @executable_path/Frameworks @loader_path/Frameworks";
				PRODUCT_BUNDLE_IDENTIFIER = self.edu.bitfountainUITests;
				PRODUCT_NAME = "$(TARGET_NAME)";
				TEST_TARGET_NAME = bitfountain;
				USES_XCTRUNNER = YES;
			};
			name = Debug;
		};
		BA85906A1BBE0CD100F131B8 /* Release */ = {
			isa = XCBuildConfiguration;
			buildSettings = {
				INFOPLIST_FILE = bitfountainUITests/Info.plist;
				LD_RUNPATH_SEARCH_PATHS = "$(inherited) @executable_path/Frameworks @loader_path/Frameworks";
				PRODUCT_BUNDLE_IDENTIFIER = self.edu.bitfountainUITests;
				PRODUCT_NAME = "$(TARGET_NAME)";
				TEST_TARGET_NAME = bitfountain;
				USES_XCTRUNNER = YES;
			};
			name = Release;
		};
/* End XCBuildConfiguration section */

/* Begin XCConfigurationList section */
		BA8590351BBE0CD100F131B8 /* Build configuration list for PBXProject "bitfountain" */ = {
			isa = XCConfigurationList;
			buildConfigurations = (
				BA8590601BBE0CD100F131B8 /* Debug */,
				BA8590611BBE0CD100F131B8 /* Release */,
			);
			defaultConfigurationIsVisible = 0;
			defaultConfigurationName = Release;
		};
		BA8590621BBE0CD100F131B8 /* Build configuration list for PBXNativeTarget "bitfountain" */ = {
			isa = XCConfigurationList;
			buildConfigurations = (
				BA8590631BBE0CD100F131B8 /* Debug */,
				BA8590641BBE0CD100F131B8 /* Release */,
			);
			defaultConfigurationIsVisible = 0;
		};
		BA8590651BBE0CD100F131B8 /* Build configuration list for PBXNativeTarget "bitfountainTests" */ = {
			isa = XCConfigurationList;
			buildConfigurations = (
				BA8590661BBE0CD100F131B8 /* Debug */,
				BA8590671BBE0CD100F131B8 /* Release */,
			);
			defaultConfigurationIsVisible = 0;
		};
		BA8590681BBE0CD100F131B8 /* Build configuration list for PBXNativeTarget "bitfountainUITests" */ = {
			isa = XCConfigurationList;
			buildConfigurations = (
				BA8590691BBE0CD100F131B8 /* Debug */,
				BA85906A1BBE0CD100F131B8 /* Release */,
			);
			defaultConfigurationIsVisible = 0;
		};
/* End XCConfigurationList section */
	};
	rootObject = BA8590321BBE0CD100F131B8 /* Project object */;
}
